
Microsoft Visual Studio Solution File, Format Version 12.00
# Visual Studio Version 17
VisualStudioVersion = 17.7.34009.444
MinimumVisualStudioVersion = 10.0.40219.1
Project("{FAE04EC0-301F-11D3-BF4B-00C04F79EFBC}") = "Register", "Register\Register.csproj", "{A87990C5-2FA5-4C28-B1FC-9B8EAC80BAC1}"
EndProject
Global
	GlobalSection(SolutionConfigurationPlatforms) = preSolution
		Debug|Any CPU = Debug|Any CPU
		Release|Any CPU = Release|Any CPU
	EndGlobalSection
	GlobalSection(ProjectConfigurationPlatforms) = postSolution
		{A87990C5-2FA5-4C28-B1FC-9B8EAC80BAC1}.Debug|Any CPU.ActiveCfg = Debug|Any CPU
		{A87990C5-2FA5-4C28-B1FC-9B8EAC80BAC1}.Debug|Any CPU.Build.0 = Debug|Any CPU
		{A87990C5-2FA5-4C28-B1FC-9B8EAC80BAC1}.Release|Any CPU.ActiveCfg = Release|Any CPU
		{A87990C5-2FA5-4C28-B1FC-9B8EAC80BAC1}.Release|Any CPU.Build.0 = Release|Any CPU
	EndGlobalSection
	GlobalSection(SolutionProperties) = preSolution
		HideSolutionNode = FALSE
	EndGlobalSection
	GlobalSection(ExtensibilityGlobals) = postSolution
		SolutionGuid = {03017808-B3E8-42BB-9D9C-C848E201B03E}
	EndGlobalSection
EndGlobal
